// !$*UTF8*$!
{
	archiveVersion = 1;
	classes = {
	};
	objectVersion = 46;
	objects = {

/* Begin PBXBuildFile section */
		190E296E14576B490094D884 /* www in Resources */ = {isa = PBXBuildFile; fileRef = 190E296D14576B490094D884 /* www */; };
		C052B9181497DA2C00621DF4 /* Bluetooth.m in Sources */ = {isa = PBXBuildFile; fileRef = C052B9131497DA2C00621DF4 /* Bluetooth.m */; };
		C052B9191497DA2C00621DF4 /* BluetoothDelegate.m in Sources */ = {isa = PBXBuildFile; fileRef = C052B9151497DA2C00621DF4 /* BluetoothDelegate.m */; };
		C052B91A1497DA2C00621DF4 /* WiiPositionHandler.m in Sources */ = {isa = PBXBuildFile; fileRef = C052B9171497DA2C00621DF4 /* WiiPositionHandler.m */; };
		C052B9221497DA7200621DF4 /* libBTstack.dylib in Frameworks */ = {isa = PBXBuildFile; fileRef = C052B9211497DA7100621DF4 /* libBTstack.dylib */; };
		CB02A070143C029E007CD2F0 /* VPBluetoothDataProcessor.m in Sources */ = {isa = PBXBuildFile; fileRef = CB02A06F143C029E007CD2F0 /* VPBluetoothDataProcessor.m */; };
		CB73D684143D4ADA005B15EF /* GapSocketCommand.m in Sources */ = {isa = PBXBuildFile; fileRef = CB73D683143D4ADA005B15EF /* GapSocketCommand.m */; };
		CB73D687143D4AF6005B15EF /* AsyncSocket.m in Sources */ = {isa = PBXBuildFile; fileRef = CB73D686143D4AF6005B15EF /* AsyncSocket.m */; };
		CB73D689143D4B21005B15EF /* CFNetwork.framework in Frameworks */ = {isa = PBXBuildFile; fileRef = CB73D688143D4B21005B15EF /* CFNetwork.framework */; };
		CBCD227514352FBB00E74443 /* Foundation.framework in Frameworks */ = {isa = PBXBuildFile; fileRef = CBCD227414352FBB00E74443 /* Foundation.framework */; };
		CBCD227714352FBB00E74443 /* UIKit.framework in Frameworks */ = {isa = PBXBuildFile; fileRef = CBCD227614352FBB00E74443 /* UIKit.framework */; };
		CBCD227914352FBB00E74443 /* CoreGraphics.framework in Frameworks */ = {isa = PBXBuildFile; fileRef = CBCD227814352FBB00E74443 /* CoreGraphics.framework */; };
		CBCD227B14352FBB00E74443 /* AddressBook.framework in Frameworks */ = {isa = PBXBuildFile; fileRef = CBCD227A14352FBB00E74443 /* AddressBook.framework */; };
		CBCD227D14352FBB00E74443 /* AddressBookUI.framework in Frameworks */ = {isa = PBXBuildFile; fileRef = CBCD227C14352FBB00E74443 /* AddressBookUI.framework */; };
		CBCD227F14352FBB00E74443 /* AudioToolbox.framework in Frameworks */ = {isa = PBXBuildFile; fileRef = CBCD227E14352FBB00E74443 /* AudioToolbox.framework */; };
		CBCD228114352FBB00E74443 /* AVFoundation.framework in Frameworks */ = {isa = PBXBuildFile; fileRef = CBCD228014352FBB00E74443 /* AVFoundation.framework */; };
		CBCD228314352FBB00E74443 /* CoreLocation.framework in Frameworks */ = {isa = PBXBuildFile; fileRef = CBCD228214352FBB00E74443 /* CoreLocation.framework */; };
		CBCD228514352FBB00E74443 /* MediaPlayer.framework in Frameworks */ = {isa = PBXBuildFile; fileRef = CBCD228414352FBB00E74443 /* MediaPlayer.framework */; };
		CBCD228714352FBB00E74443 /* QuartzCore.framework in Frameworks */ = {isa = PBXBuildFile; fileRef = CBCD228614352FBB00E74443 /* QuartzCore.framework */; };
		CBCD228914352FBB00E74443 /* SystemConfiguration.framework in Frameworks */ = {isa = PBXBuildFile; fileRef = CBCD228814352FBB00E74443 /* SystemConfiguration.framework */; };
		CBCD228B14352FBB00E74443 /* MobileCoreServices.framework in Frameworks */ = {isa = PBXBuildFile; fileRef = CBCD228A14352FBB00E74443 /* MobileCoreServices.framework */; };
		CBCD228D14352FBB00E74443 /* CoreMedia.framework in Frameworks */ = {isa = PBXBuildFile; fileRef = CBCD228C14352FBB00E74443 /* CoreMedia.framework */; };
		CBCD229314352FBB00E74443 /* InfoPlist.strings in Resources */ = {isa = PBXBuildFile; fileRef = CBCD229114352FBB00E74443 /* InfoPlist.strings */; };
		CBCD229514352FBB00E74443 /* main.m in Sources */ = {isa = PBXBuildFile; fileRef = CBCD229414352FBB00E74443 /* main.m */; };
		CBCD229814352FBB00E74443 /* PhoneGap.framework in Frameworks */ = {isa = PBXBuildFile; fileRef = CBCD229714352FBB00E74443 /* PhoneGap.framework */; };
		CBCD229D14352FBB00E74443 /* Localizable.strings in Resources */ = {isa = PBXBuildFile; fileRef = CBCD229B14352FBB00E74443 /* Localizable.strings */; };
		CBCD22A114352FBB00E74443 /* Localizable.strings in Resources */ = {isa = PBXBuildFile; fileRef = CBCD229F14352FBB00E74443 /* Localizable.strings */; };
		CBCD22A414352FBB00E74443 /* icon.png in Resources */ = {isa = PBXBuildFile; fileRef = CBCD22A314352FBB00E74443 /* icon.png */; };
		CBCD22A614352FBC00E74443 /* icon@2x.png in Resources */ = {isa = PBXBuildFile; fileRef = CBCD22A514352FBC00E74443 /* icon@2x.png */; };
		CBCD22A814352FBC00E74443 /* icon-72.png in Resources */ = {isa = PBXBuildFile; fileRef = CBCD22A714352FBC00E74443 /* icon-72.png */; };
		CBCD22AB14352FBC00E74443 /* Default.png in Resources */ = {isa = PBXBuildFile; fileRef = CBCD22AA14352FBC00E74443 /* Default.png */; };
		CBCD22AD14352FBC00E74443 /* Default@2x.png in Resources */ = {isa = PBXBuildFile; fileRef = CBCD22AC14352FBC00E74443 /* Default@2x.png */; };
		CBCD22AF14352FBC00E74443 /* Capture.bundle in Resources */ = {isa = PBXBuildFile; fileRef = CBCD22AE14352FBC00E74443 /* Capture.bundle */; };
		CBCD22B114352FBC00E74443 /* PhoneGap.plist in Resources */ = {isa = PBXBuildFile; fileRef = CBCD22B014352FBC00E74443 /* PhoneGap.plist */; };
		CBCD22B514352FBC00E74443 /* AppDelegate.m in Sources */ = {isa = PBXBuildFile; fileRef = CBCD22B414352FBC00E74443 /* AppDelegate.m */; };
/* End PBXBuildFile section */

/* Begin PBXFileReference section */
		190E296D14576B490094D884 /* www */ = {isa = PBXFileReference; lastKnownFileType = folder; path = www; sourceTree = "<group>"; };
		C052B9121497DA2C00621DF4 /* Bluetooth.h */ = {isa = PBXFileReference; fileEncoding = 4; lastKnownFileType = sourcecode.c.h; path = Bluetooth.h; sourceTree = "<group>"; };
		C052B9131497DA2C00621DF4 /* Bluetooth.m */ = {isa = PBXFileReference; fileEncoding = 4; lastKnownFileType = sourcecode.c.objc; path = Bluetooth.m; sourceTree = "<group>"; };
		C052B9141497DA2C00621DF4 /* BluetoothDelegate.h */ = {isa = PBXFileReference; fileEncoding = 4; lastKnownFileType = sourcecode.c.h; path = BluetoothDelegate.h; sourceTree = "<group>"; };
		C052B9151497DA2C00621DF4 /* BluetoothDelegate.m */ = {isa = PBXFileReference; fileEncoding = 4; lastKnownFileType = sourcecode.c.objc; path = BluetoothDelegate.m; sourceTree = "<group>"; };
		C052B9161497DA2C00621DF4 /* WiiPositionHandler.h */ = {isa = PBXFileReference; fileEncoding = 4; lastKnownFileType = sourcecode.c.h; path = WiiPositionHandler.h; sourceTree = "<group>"; };
		C052B9171497DA2C00621DF4 /* WiiPositionHandler.m */ = {isa = PBXFileReference; fileEncoding = 4; lastKnownFileType = sourcecode.c.objc; path = WiiPositionHandler.m; sourceTree = "<group>"; };
		C052B91C1497DA5200621DF4 /* btstack.h */ = {isa = PBXFileReference; fileEncoding = 4; lastKnownFileType = sourcecode.c.h; path = btstack.h; sourceTree = "<group>"; };
		C052B91D1497DA5200621DF4 /* hci_cmds.h */ = {isa = PBXFileReference; fileEncoding = 4; lastKnownFileType = sourcecode.c.h; path = hci_cmds.h; sourceTree = "<group>"; };
		C052B91E1497DA5200621DF4 /* linked_list.h */ = {isa = PBXFileReference; fileEncoding = 4; lastKnownFileType = sourcecode.c.h; path = linked_list.h; sourceTree = "<group>"; };
		C052B91F1497DA5200621DF4 /* run_loop.h */ = {isa = PBXFileReference; fileEncoding = 4; lastKnownFileType = sourcecode.c.h; path = run_loop.h; sourceTree = "<group>"; };
		C052B9201497DA5200621DF4 /* utils.h */ = {isa = PBXFileReference; fileEncoding = 4; lastKnownFileType = sourcecode.c.h; path = utils.h; sourceTree = "<group>"; };
		C052B9211497DA7100621DF4 /* libBTstack.dylib */ = {isa = PBXFileReference; lastKnownFileType = "compiled.mach-o.dylib"; path = libBTstack.dylib; sourceTree = "<group>"; };
		CB02A06E143C029E007CD2F0 /* VPBluetoothDataProcessor.h */ = {isa = PBXFileReference; fileEncoding = 4; lastKnownFileType = sourcecode.c.h; name = VPBluetoothDataProcessor.h; path = Classes/VPBluetoothDataProcessor.h; sourceTree = "<group>"; };
		CB02A06F143C029E007CD2F0 /* VPBluetoothDataProcessor.m */ = {isa = PBXFileReference; fileEncoding = 4; lastKnownFileType = sourcecode.c.objc; name = VPBluetoothDataProcessor.m; path = Classes/VPBluetoothDataProcessor.m; sourceTree = "<group>"; };
		CB73D682143D4ADA005B15EF /* GapSocketCommand.h */ = {isa = PBXFileReference; fileEncoding = 4; lastKnownFileType = sourcecode.c.h; name = GapSocketCommand.h; path = Classes/GapSocketCommand.h; sourceTree = "<group>"; };
		CB73D683143D4ADA005B15EF /* GapSocketCommand.m */ = {isa = PBXFileReference; fileEncoding = 4; lastKnownFileType = sourcecode.c.objc; name = GapSocketCommand.m; path = Classes/GapSocketCommand.m; sourceTree = "<group>"; };
		CB73D685143D4AF6005B15EF /* AsyncSocket.h */ = {isa = PBXFileReference; fileEncoding = 4; lastKnownFileType = sourcecode.c.h; path = AsyncSocket.h; sourceTree = "<group>"; };
		CB73D686143D4AF6005B15EF /* AsyncSocket.m */ = {isa = PBXFileReference; fileEncoding = 4; lastKnownFileType = sourcecode.c.objc; path = AsyncSocket.m; sourceTree = "<group>"; };
		CB73D688143D4B21005B15EF /* CFNetwork.framework */ = {isa = PBXFileReference; lastKnownFileType = wrapper.framework; name = CFNetwork.framework; path = System/Library/Frameworks/CFNetwork.framework; sourceTree = SDKROOT; };
		CBCD227014352FBB00E74443 /* PhoneGapClient.app */ = {isa = PBXFileReference; explicitFileType = wrapper.application; includeInIndex = 0; path = PhoneGapClient.app; sourceTree = BUILT_PRODUCTS_DIR; };
		CBCD227414352FBB00E74443 /* Foundation.framework */ = {isa = PBXFileReference; lastKnownFileType = wrapper.framework; name = Foundation.framework; path = System/Library/Frameworks/Foundation.framework; sourceTree = SDKROOT; };
		CBCD227614352FBB00E74443 /* UIKit.framework */ = {isa = PBXFileReference; lastKnownFileType = wrapper.framework; name = UIKit.framework; path = System/Library/Frameworks/UIKit.framework; sourceTree = SDKROOT; };
		CBCD227814352FBB00E74443 /* CoreGraphics.framework */ = {isa = PBXFileReference; lastKnownFileType = wrapper.framework; name = CoreGraphics.framework; path = System/Library/Frameworks/CoreGraphics.framework; sourceTree = SDKROOT; };
		CBCD227A14352FBB00E74443 /* AddressBook.framework */ = {isa = PBXFileReference; lastKnownFileType = wrapper.framework; name = AddressBook.framework; path = System/Library/Frameworks/AddressBook.framework; sourceTree = SDKROOT; };
		CBCD227C14352FBB00E74443 /* AddressBookUI.framework */ = {isa = PBXFileReference; lastKnownFileType = wrapper.framework; name = AddressBookUI.framework; path = System/Library/Frameworks/AddressBookUI.framework; sourceTree = SDKROOT; };
		CBCD227E14352FBB00E74443 /* AudioToolbox.framework */ = {isa = PBXFileReference; lastKnownFileType = wrapper.framework; name = AudioToolbox.framework; path = System/Library/Frameworks/AudioToolbox.framework; sourceTree = SDKROOT; };
		CBCD228014352FBB00E74443 /* AVFoundation.framework */ = {isa = PBXFileReference; lastKnownFileType = wrapper.framework; name = AVFoundation.framework; path = System/Library/Frameworks/AVFoundation.framework; sourceTree = SDKROOT; };
		CBCD228214352FBB00E74443 /* CoreLocation.framework */ = {isa = PBXFileReference; lastKnownFileType = wrapper.framework; name = CoreLocation.framework; path = System/Library/Frameworks/CoreLocation.framework; sourceTree = SDKROOT; };
		CBCD228414352FBB00E74443 /* MediaPlayer.framework */ = {isa = PBXFileReference; lastKnownFileType = wrapper.framework; name = MediaPlayer.framework; path = System/Library/Frameworks/MediaPlayer.framework; sourceTree = SDKROOT; };
		CBCD228614352FBB00E74443 /* QuartzCore.framework */ = {isa = PBXFileReference; lastKnownFileType = wrapper.framework; name = QuartzCore.framework; path = System/Library/Frameworks/QuartzCore.framework; sourceTree = SDKROOT; };
		CBCD228814352FBB00E74443 /* SystemConfiguration.framework */ = {isa = PBXFileReference; lastKnownFileType = wrapper.framework; name = SystemConfiguration.framework; path = System/Library/Frameworks/SystemConfiguration.framework; sourceTree = SDKROOT; };
		CBCD228A14352FBB00E74443 /* MobileCoreServices.framework */ = {isa = PBXFileReference; lastKnownFileType = wrapper.framework; name = MobileCoreServices.framework; path = System/Library/Frameworks/MobileCoreServices.framework; sourceTree = SDKROOT; };
		CBCD228C14352FBB00E74443 /* CoreMedia.framework */ = {isa = PBXFileReference; lastKnownFileType = wrapper.framework; name = CoreMedia.framework; path = System/Library/Frameworks/CoreMedia.framework; sourceTree = SDKROOT; };
		CBCD229014352FBB00E74443 /* PhoneGapClient-Info.plist */ = {isa = PBXFileReference; lastKnownFileType = text.plist.xml; path = "PhoneGapClient-Info.plist"; sourceTree = "<group>"; };
		CBCD229214352FBB00E74443 /* en */ = {isa = PBXFileReference; lastKnownFileType = text.plist.strings; name = en; path = en.lproj/InfoPlist.strings; sourceTree = "<group>"; };
		CBCD229414352FBB00E74443 /* main.m */ = {isa = PBXFileReference; lastKnownFileType = sourcecode.c.objc; path = main.m; sourceTree = "<group>"; };
		CBCD229614352FBB00E74443 /* PhoneGapClient-Prefix.pch */ = {isa = PBXFileReference; lastKnownFileType = sourcecode.c.h; path = "PhoneGapClient-Prefix.pch"; sourceTree = "<group>"; };
		CBCD229714352FBB00E74443 /* PhoneGap.framework */ = {isa = PBXFileReference; lastKnownFileType = wrapper.framework; name = PhoneGap.framework; path = /Users/Shared/PhoneGap/Frameworks/PhoneGap.framework; sourceTree = "<absolute>"; };
		CBCD229C14352FBB00E74443 /* en */ = {isa = PBXFileReference; lastKnownFileType = text.plist.strings; name = en; path = Resources/en.lproj/Localizable.strings; sourceTree = "<group>"; };
		CBCD22A014352FBB00E74443 /* es */ = {isa = PBXFileReference; lastKnownFileType = text.plist.strings; name = es; path = Resources/es.lproj/Localizable.strings; sourceTree = "<group>"; };
		CBCD22A314352FBB00E74443 /* icon.png */ = {isa = PBXFileReference; lastKnownFileType = image.png; name = icon.png; path = Resources/icons/icon.png; sourceTree = "<group>"; };
		CBCD22A514352FBC00E74443 /* icon@2x.png */ = {isa = PBXFileReference; lastKnownFileType = image.png; name = "icon@2x.png"; path = "Resources/icons/icon@2x.png"; sourceTree = "<group>"; };
		CBCD22A714352FBC00E74443 /* icon-72.png */ = {isa = PBXFileReference; lastKnownFileType = image.png; name = "icon-72.png"; path = "Resources/icons/icon-72.png"; sourceTree = "<group>"; };
		CBCD22AA14352FBC00E74443 /* Default.png */ = {isa = PBXFileReference; lastKnownFileType = image.png; name = Default.png; path = Resources/splash/Default.png; sourceTree = "<group>"; };
		CBCD22AC14352FBC00E74443 /* Default@2x.png */ = {isa = PBXFileReference; lastKnownFileType = image.png; name = "Default@2x.png"; path = "Resources/splash/Default@2x.png"; sourceTree = "<group>"; };
		CBCD22AE14352FBC00E74443 /* Capture.bundle */ = {isa = PBXFileReference; lastKnownFileType = "wrapper.plug-in"; name = Capture.bundle; path = Resources/Capture.bundle; sourceTree = "<group>"; };
		CBCD22B014352FBC00E74443 /* PhoneGap.plist */ = {isa = PBXFileReference; lastKnownFileType = text.plist.xml; path = PhoneGap.plist; sourceTree = "<group>"; };
		CBCD22B314352FBC00E74443 /* AppDelegate.h */ = {isa = PBXFileReference; lastKnownFileType = sourcecode.c.h; name = AppDelegate.h; path = Classes/AppDelegate.h; sourceTree = "<group>"; };
		CBCD22B414352FBC00E74443 /* AppDelegate.m */ = {isa = PBXFileReference; lastKnownFileType = sourcecode.c.objc; name = AppDelegate.m; path = Classes/AppDelegate.m; sourceTree = "<group>"; };
		CBCD22B714352FBC00E74443 /* README */ = {isa = PBXFileReference; lastKnownFileType = text; name = README; path = Plugins/README; sourceTree = "<group>"; };
/* End PBXFileReference section */

/* Begin PBXFrameworksBuildPhase section */
		CBCD226A14352FBB00E74443 /* Frameworks */ = {
			isa = PBXFrameworksBuildPhase;
			buildActionMask = 2147483647;
			files = (
				CB73D689143D4B21005B15EF /* CFNetwork.framework in Frameworks */,
				CBCD227514352FBB00E74443 /* Foundation.framework in Frameworks */,
				CBCD227714352FBB00E74443 /* UIKit.framework in Frameworks */,
				CBCD227914352FBB00E74443 /* CoreGraphics.framework in Frameworks */,
				CBCD227B14352FBB00E74443 /* AddressBook.framework in Frameworks */,
				CBCD227D14352FBB00E74443 /* AddressBookUI.framework in Frameworks */,
				CBCD227F14352FBB00E74443 /* AudioToolbox.framework in Frameworks */,
				CBCD228114352FBB00E74443 /* AVFoundation.framework in Frameworks */,
				CBCD228314352FBB00E74443 /* CoreLocation.framework in Frameworks */,
				CBCD228514352FBB00E74443 /* MediaPlayer.framework in Frameworks */,
				CBCD228714352FBB00E74443 /* QuartzCore.framework in Frameworks */,
				CBCD228914352FBB00E74443 /* SystemConfiguration.framework in Frameworks */,
				CBCD228B14352FBB00E74443 /* MobileCoreServices.framework in Frameworks */,
				CBCD228D14352FBB00E74443 /* CoreMedia.framework in Frameworks */,
				CBCD229814352FBB00E74443 /* PhoneGap.framework in Frameworks */,
				C052B9221497DA7200621DF4 /* libBTstack.dylib in Frameworks */,
			);
			runOnlyForDeploymentPostprocessing = 0;
		};
		CBCD226D14352FBB00E74443 /* Frameworks */ = {
			isa = PBXFrameworksBuildPhase;
			buildActionMask = 2147483647;
			files = (
			);
			runOnlyForDeploymentPostprocessing = 0;
		};
/* End PBXFrameworksBuildPhase section */

/* Begin PBXGroup section */
		C052B91B1497DA3D00621DF4 /* btstack */ = {
			isa = PBXGroup;
			children = (
				C052B91C1497DA5200621DF4 /* btstack.h */,
				C052B91D1497DA5200621DF4 /* hci_cmds.h */,
				C052B91E1497DA5200621DF4 /* linked_list.h */,
				C052B91F1497DA5200621DF4 /* run_loop.h */,
				C052B9201497DA5200621DF4 /* utils.h */,
			);
			name = btstack;
			sourceTree = "<group>";
		};
		CBCD226214352FBB00E74443 = {
			isa = PBXGroup;
			children = (
				190E296D14576B490094D884 /* www */,
				CBCD228E14352FBB00E74443 /* PhoneGapClient */,
				CBCD227314352FBB00E74443 /* Frameworks */,
				CBCD227114352FBB00E74443 /* Products */,
			);
			sourceTree = "<group>";
		};
		CBCD227114352FBB00E74443 /* Products */ = {
			isa = PBXGroup;
			children = (
				CBCD227014352FBB00E74443 /* PhoneGapClient.app */,
			);
			name = Products;
			sourceTree = "<group>";
		};
		CBCD227314352FBB00E74443 /* Frameworks */ = {
			isa = PBXGroup;
			children = (
				CB73D688143D4B21005B15EF /* CFNetwork.framework */,
				CBCD227414352FBB00E74443 /* Foundation.framework */,
				CBCD227614352FBB00E74443 /* UIKit.framework */,
				CBCD227814352FBB00E74443 /* CoreGraphics.framework */,
				CBCD227A14352FBB00E74443 /* AddressBook.framework */,
				CBCD227C14352FBB00E74443 /* AddressBookUI.framework */,
				CBCD227E14352FBB00E74443 /* AudioToolbox.framework */,
				CBCD228014352FBB00E74443 /* AVFoundation.framework */,
				CBCD228214352FBB00E74443 /* CoreLocation.framework */,
				CBCD228414352FBB00E74443 /* MediaPlayer.framework */,
				CBCD228614352FBB00E74443 /* QuartzCore.framework */,
				CBCD228814352FBB00E74443 /* SystemConfiguration.framework */,
				CBCD228A14352FBB00E74443 /* MobileCoreServices.framework */,
				CBCD228C14352FBB00E74443 /* CoreMedia.framework */,
			);
			name = Frameworks;
			sourceTree = "<group>";
		};
		CBCD228E14352FBB00E74443 /* PhoneGapClient */ = {
			isa = PBXGroup;
			children = (
				CBCD229714352FBB00E74443 /* PhoneGap.framework */,
				CBCD229914352FBB00E74443 /* Resources */,
				CBCD22B214352FBC00E74443 /* Classes */,
				CBCD22B614352FBC00E74443 /* Plugins */,
				CBCD228F14352FBB00E74443 /* Supporting Files */,
			);
			path = PhoneGapClient;
			sourceTree = "<group>";
		};
		CBCD228F14352FBB00E74443 /* Supporting Files */ = {
			isa = PBXGroup;
			children = (
				CBCD229014352FBB00E74443 /* PhoneGapClient-Info.plist */,
				CBCD229114352FBB00E74443 /* InfoPlist.strings */,
				CBCD229414352FBB00E74443 /* main.m */,
				CBCD229614352FBB00E74443 /* PhoneGapClient-Prefix.pch */,
				CBCD22B014352FBC00E74443 /* PhoneGap.plist */,
			);
			name = "Supporting Files";
			sourceTree = "<group>";
		};
		CBCD229914352FBB00E74443 /* Resources */ = {
			isa = PBXGroup;
			children = (
				CBCD22AE14352FBC00E74443 /* Capture.bundle */,
				CBCD229A14352FBB00E74443 /* en.lproj */,
				CBCD229E14352FBB00E74443 /* es.lproj */,
				CBCD22A214352FBB00E74443 /* icons */,
				CBCD22A914352FBC00E74443 /* splash */,
			);
			name = Resources;
			sourceTree = "<group>";
		};
		CBCD229A14352FBB00E74443 /* en.lproj */ = {
			isa = PBXGroup;
			children = (
				CBCD229B14352FBB00E74443 /* Localizable.strings */,
			);
			name = en.lproj;
			sourceTree = "<group>";
		};
		CBCD229E14352FBB00E74443 /* es.lproj */ = {
			isa = PBXGroup;
			children = (
				CBCD229F14352FBB00E74443 /* Localizable.strings */,
			);
			name = es.lproj;
			sourceTree = "<group>";
		};
		CBCD22A214352FBB00E74443 /* icons */ = {
			isa = PBXGroup;
			children = (
				CBCD22A314352FBB00E74443 /* icon.png */,
				CBCD22A514352FBC00E74443 /* icon@2x.png */,
				CBCD22A714352FBC00E74443 /* icon-72.png */,
			);
			name = icons;
			sourceTree = "<group>";
		};
		CBCD22A914352FBC00E74443 /* splash */ = {
			isa = PBXGroup;
			children = (
				CBCD22AA14352FBC00E74443 /* Default.png */,
				CBCD22AC14352FBC00E74443 /* Default@2x.png */,
			);
			name = splash;
			sourceTree = "<group>";
		};
		CBCD22B214352FBC00E74443 /* Classes */ = {
			isa = PBXGroup;
			children = (
				CB73D685143D4AF6005B15EF /* AsyncSocket.h */,
				CB73D686143D4AF6005B15EF /* AsyncSocket.m */,
				CB73D682143D4ADA005B15EF /* GapSocketCommand.h */,
				CB73D683143D4ADA005B15EF /* GapSocketCommand.m */,
				CBCD22B314352FBC00E74443 /* AppDelegate.h */,
				CBCD22B414352FBC00E74443 /* AppDelegate.m */,
				CB02A06E143C029E007CD2F0 /* VPBluetoothDataProcessor.h */,
				CB02A06F143C029E007CD2F0 /* VPBluetoothDataProcessor.m */,
			);
			name = Classes;
			sourceTree = "<group>";
		};
		CBCD22B614352FBC00E74443 /* Plugins */ = {
			isa = PBXGroup;
			children = (
				C052B9211497DA7100621DF4 /* libBTstack.dylib */,
				C052B91B1497DA3D00621DF4 /* btstack */,
				C052B9121497DA2C00621DF4 /* Bluetooth.h */,
				C052B9131497DA2C00621DF4 /* Bluetooth.m */,
				C052B9141497DA2C00621DF4 /* BluetoothDelegate.h */,
				C052B9151497DA2C00621DF4 /* BluetoothDelegate.m */,
				C052B9161497DA2C00621DF4 /* WiiPositionHandler.h */,
				C052B9171497DA2C00621DF4 /* WiiPositionHandler.m */,
				CBCD22B714352FBC00E74443 /* README */,
			);
			name = Plugins;
			sourceTree = "<group>";
		};
/* End PBXGroup section */

/* Begin PBXNativeTarget section */
		CBCD226F14352FBB00E74443 /* PhoneGapClient */ = {
			isa = PBXNativeTarget;
			buildConfigurationList = CBCD22BA14352FBC00E74443 /* Build configuration list for PBXNativeTarget "PhoneGapClient" */;
			buildPhases = (
				CBCD226914352FBB00E74443 /* Sources */,
				CBCD226A14352FBB00E74443 /* Frameworks */,
				CBCD226B14352FBB00E74443 /* Resources */,
				CBCD226C14352FBB00E74443 /* Sources */,
				CBCD226D14352FBB00E74443 /* Frameworks */,
				CBCD226E14352FBB00E74443 /* ShellScript */,
			);
			buildRules = (
			);
			dependencies = (
			);
			name = PhoneGapClient;
			productName = PhoneGapClient;
			productReference = CBCD227014352FBB00E74443 /* PhoneGapClient.app */;
			productType = "com.apple.product-type.application";
		};
/* End PBXNativeTarget section */

/* Begin PBXProject section */
		CBCD226414352FBB00E74443 /* Project object */ = {
			isa = PBXProject;
			buildConfigurationList = CBCD226714352FBB00E74443 /* Build configuration list for PBXProject "PhoneGapClient" */;
			compatibilityVersion = "Xcode 3.2";
			developmentRegion = English;
			hasScannedForEncodings = 0;
			knownRegions = (
				en,
				es,
			);
			mainGroup = CBCD226214352FBB00E74443;
			productRefGroup = CBCD227114352FBB00E74443 /* Products */;
			projectDirPath = "";
			projectRoot = "";
			targets = (
				CBCD226F14352FBB00E74443 /* PhoneGapClient */,
			);
		};
/* End PBXProject section */

/* Begin PBXResourcesBuildPhase section */
		CBCD226B14352FBB00E74443 /* Resources */ = {
			isa = PBXResourcesBuildPhase;
			buildActionMask = 2147483647;
			files = (
				CBCD229314352FBB00E74443 /* InfoPlist.strings in Resources */,
				CBCD229D14352FBB00E74443 /* Localizable.strings in Resources */,
				CBCD22A114352FBB00E74443 /* Localizable.strings in Resources */,
				CBCD22A414352FBB00E74443 /* icon.png in Resources */,
				CBCD22A614352FBC00E74443 /* icon@2x.png in Resources */,
				CBCD22A814352FBC00E74443 /* icon-72.png in Resources */,
				CBCD22AB14352FBC00E74443 /* Default.png in Resources */,
				CBCD22AD14352FBC00E74443 /* Default@2x.png in Resources */,
				CBCD22AF14352FBC00E74443 /* Capture.bundle in Resources */,
				CBCD22B114352FBC00E74443 /* PhoneGap.plist in Resources */,
				190E296E14576B490094D884 /* www in Resources */,
			);
			runOnlyForDeploymentPostprocessing = 0;
		};
/* End PBXResourcesBuildPhase section */

/* Begin PBXShellScriptBuildPhase section */
		CBCD226E14352FBB00E74443 /* ShellScript */ = {
			isa = PBXShellScriptBuildPhase;
			buildActionMask = 2147483647;
			files = (
			);
			inputPaths = (
			);
			outputPaths = (
			);
			runOnlyForDeploymentPostprocessing = 0;
			shellPath = /bin/bash;
			shellScript = "\n\t\t\t\t\t\t\t\tif [ ! -d \"$PROJECT_DIR/www\" ] ; then\n\t\t\t\t\t\t\t\t\tcp -R /Users/Shared/PhoneGap/Frameworks/PhoneGap.framework/www \"$PROJECT_DIR\"\n\t\t\t\t\t\t\t\tfi\n\t\t\t\t\t\t\t\t# detect www folder reference in project, if missing, print warning\n\t\t\t\t\t\t\t\tgrep \"{isa = PBXFileReference; lastKnownFileType = folder; path = www; sourceTree = \\\"<group>\\\"; };\" \"$PROJECT_DIR/$PROJECT_NAME.xcodeproj/project.pbxproj\"\n\t\t\t\t\t\t\t\trc=$? \n\t\t\t\t\t\t\t\tif [ $rc != 0 ] ; then\n\t\t\t\t\t\t\t\techo -e \"warning: Missing - Add $PROJECT_DIR/www as a folder reference in your project. Just drag and drop the folder into your project, in Xcode 4.\" 1>&2\n\t\t\t\t\t\t\t\tfi\t\t\t\t\t\t\t";
		};
/* End PBXShellScriptBuildPhase section */

/* Begin PBXSourcesBuildPhase section */
		CBCD226914352FBB00E74443 /* Sources */ = {
			isa = PBXSourcesBuildPhase;
			buildActionMask = 2147483647;
			files = (
				CBCD229514352FBB00E74443 /* main.m in Sources */,
				CBCD22B514352FBC00E74443 /* AppDelegate.m in Sources */,
				CB02A070143C029E007CD2F0 /* VPBluetoothDataProcessor.m in Sources */,
				CB73D684143D4ADA005B15EF /* GapSocketCommand.m in Sources */,
				CB73D687143D4AF6005B15EF /* AsyncSocket.m in Sources */,
				C052B9181497DA2C00621DF4 /* Bluetooth.m in Sources */,
				C052B9191497DA2C00621DF4 /* BluetoothDelegate.m in Sources */,
				C052B91A1497DA2C00621DF4 /* WiiPositionHandler.m in Sources */,
			);
			runOnlyForDeploymentPostprocessing = 0;
		};
		CBCD226C14352FBB00E74443 /* Sources */ = {
			isa = PBXSourcesBuildPhase;
			buildActionMask = 2147483647;
			files = (
			);
			runOnlyForDeploymentPostprocessing = 0;
		};
/* End PBXSourcesBuildPhase section */

/* Begin PBXVariantGroup section */
		CBCD229114352FBB00E74443 /* InfoPlist.strings */ = {
			isa = PBXVariantGroup;
			children = (
				CBCD229214352FBB00E74443 /* en */,
			);
			name = InfoPlist.strings;
			sourceTree = "<group>";
		};
		CBCD229B14352FBB00E74443 /* Localizable.strings */ = {
			isa = PBXVariantGroup;
			children = (
				CBCD229C14352FBB00E74443 /* en */,
			);
			name = Localizable.strings;
			sourceTree = "<group>";
		};
		CBCD229F14352FBB00E74443 /* Localizable.strings */ = {
			isa = PBXVariantGroup;
			children = (
				CBCD22A014352FBB00E74443 /* es */,
			);
			name = Localizable.strings;
			sourceTree = "<group>";
		};
/* End PBXVariantGroup section */

/* Begin XCBuildConfiguration section */
		CBCD22B814352FBC00E74443 /* Debug */ = {
			isa = XCBuildConfiguration;
			buildSettings = {
				ALWAYS_SEARCH_USER_PATHS = NO;
				ARCHS = "$(ARCHS_STANDARD_32_BIT)";
				"CODE_SIGN_IDENTITY[sdk=iphoneos*]" = "iPhone Developer";
				COPY_PHASE_STRIP = NO;
				GCC_C_LANGUAGE_STANDARD = gnu99;
				GCC_DYNAMIC_NO_PIC = NO;
				GCC_OPTIMIZATION_LEVEL = 0;
				GCC_PREPROCESSOR_DEFINITIONS = (
					"DEBUG=1",
					"$(inherited)",
				);
				GCC_SYMBOLS_PRIVATE_EXTERN = NO;
				GCC_VERSION = com.apple.compilers.llvmgcc42;
				GCC_WARN_ABOUT_MISSING_PROTOTYPES = YES;
				GCC_WARN_ABOUT_RETURN_TYPE = YES;
				GCC_WARN_UNUSED_VARIABLE = YES;
				IPHONEOS_DEPLOYMENT_TARGET = 3.1;
				SDKROOT = iphoneos;
			};
			name = Debug;
		};
		CBCD22B914352FBC00E74443 /* Release */ = {
			isa = XCBuildConfiguration;
			buildSettings = {
				ALWAYS_SEARCH_USER_PATHS = NO;
				ARCHS = "$(ARCHS_STANDARD_32_BIT)";
				"CODE_SIGN_IDENTITY[sdk=iphoneos*]" = "iPhone Developer";
				COPY_PHASE_STRIP = YES;
				GCC_C_LANGUAGE_STANDARD = gnu99;
				GCC_VERSION = com.apple.compilers.llvmgcc42;
				GCC_WARN_ABOUT_MISSING_PROTOTYPES = YES;
				GCC_WARN_ABOUT_RETURN_TYPE = YES;
				GCC_WARN_UNUSED_VARIABLE = YES;
				IPHONEOS_DEPLOYMENT_TARGET = 3.1;
				SDKROOT = iphoneos;
				VALIDATE_PRODUCT = YES;
			};
			name = Release;
		};
		CBCD22BB14352FBC00E74443 /* Debug */ = {
			isa = XCBuildConfiguration;
			buildSettings = {
				ALWAYS_SEARCH_USER_PATHS = YES;
				COPY_PHASE_STRIP = NO;
				FRAMEWORK_SEARCH_PATHS = /Users/Shared/PhoneGap/Frameworks;
				GCC_DYNAMIC_NO_PIC = NO;
				GCC_PRECOMPILE_PREFIX_HEADER = YES;
				GCC_PREFIX_HEADER = "PhoneGapClient/PhoneGapClient-Prefix.pch";
				GCC_PREPROCESSOR_DEFINITIONS = "PHONEGAP_FRAMEWORK=YES";
				INFOPLIST_FILE = "PhoneGapClient/PhoneGapClient-Info.plist";
				IPHONEOS_DEPLOYMENT_TARGET = 4.3;
				LIBRARY_SEARCH_PATHS = (
					"$(inherited)",
					"\"$(SRCROOT)/PhoneGapClient\"",
				);
				PRODUCT_NAME = "$(TARGET_NAME)";
				TARGETED_DEVICE_FAMILY = 2;
				WRAPPER_EXTENSION = app;
			};
			name = Debug;
		};
		CBCD22BC14352FBC00E74443 /* Release */ = {
			isa = XCBuildConfiguration;
			buildSettings = {
				ALWAYS_SEARCH_USER_PATHS = YES;
				COPY_PHASE_STRIP = YES;
				DEBUG_INFORMATION_FORMAT = "dwarf-with-dsym";
				FRAMEWORK_SEARCH_PATHS = /Users/Shared/PhoneGap/Frameworks;
				GCC_PRECOMPILE_PREFIX_HEADER = YES;
				GCC_PREFIX_HEADER = "PhoneGapClient/PhoneGapClient-Prefix.pch";
				GCC_PREPROCESSOR_DEFINITIONS = "PHONEGAP_FRAMEWORK=YES";
				INFOPLIST_FILE = "PhoneGapClient/PhoneGapClient-Info.plist";
				IPHONEOS_DEPLOYMENT_TARGET = 4.3;
				LIBRARY_SEARCH_PATHS = (
					"$(inherited)",
					"\"$(SRCROOT)/PhoneGapClient\"",
				);
				PRODUCT_NAME = "$(TARGET_NAME)";
				TARGETED_DEVICE_FAMILY = 2;
				VALIDATE_PRODUCT = YES;
				WRAPPER_EXTENSION = app;
			};
			name = Release;
		};
/* End XCBuildConfiguration section */

/* Begin XCConfigurationList section */
		CBCD226714352FBB00E74443 /* Build configuration list for PBXProject "PhoneGapClient" */ = {
			isa = XCConfigurationList;
			buildConfigurations = (
				CBCD22B814352FBC00E74443 /* Debug */,
				CBCD22B914352FBC00E74443 /* Release */,
			);
			defaultConfigurationIsVisible = 0;
			defaultConfigurationName = Release;
		};
		CBCD22BA14352FBC00E74443 /* Build configuration list for PBXNativeTarget "PhoneGapClient" */ = {
			isa = XCConfigurationList;
			buildConfigurations = (
				CBCD22BB14352FBC00E74443 /* Debug */,
				CBCD22BC14352FBC00E74443 /* Release */,
			);
			defaultConfigurationIsVisible = 0;
			defaultConfigurationName = Release;
		};
/* End XCConfigurationList section */
	};
	rootObject = CBCD226414352FBB00E74443 /* Project object */;
}
