// !$*UTF8*$!
{
	archiveVersion = 1;
	classes = {
	};
	objectVersion = 46;
	objects = {

/* Begin PBXBuildFile section */
		190E2963145766DC0094D884 /* www in Resources */ = {isa = PBXBuildFile; fileRef = 190E2962145766DC0094D884 /* www */; };
		CB332C6214300A4400325C85 /* UIKit.framework in Frameworks */ = {isa = PBXBuildFile; fileRef = CB332C6114300A4400325C85 /* UIKit.framework */; };
		CB332C6414300A4400325C85 /* Foundation.framework in Frameworks */ = {isa = PBXBuildFile; fileRef = CB332C6314300A4400325C85 /* Foundation.framework */; };
		CB332C6614300A4400325C85 /* CoreGraphics.framework in Frameworks */ = {isa = PBXBuildFile; fileRef = CB332C6514300A4400325C85 /* CoreGraphics.framework */; };
		CB332C6C14300A4400325C85 /* InfoPlist.strings in Resources */ = {isa = PBXBuildFile; fileRef = CB332C6A14300A4400325C85 /* InfoPlist.strings */; };
		CB332C6E14300A4400325C85 /* main.m in Sources */ = {isa = PBXBuildFile; fileRef = CB332C6D14300A4400325C85 /* main.m */; };
		CB332C7214300A4400325C85 /* VirPong_iOS_ClientAppDelegate.m in Sources */ = {isa = PBXBuildFile; fileRef = CB332C7114300A4400325C85 /* VirPong_iOS_ClientAppDelegate.m */; };
		CB332C7514300A4500325C85 /* MainWindow.xib in Resources */ = {isa = PBXBuildFile; fileRef = CB332C7314300A4500325C85 /* MainWindow.xib */; };
		CB332C7814300A4500325C85 /* RootViewController.m in Sources */ = {isa = PBXBuildFile; fileRef = CB332C7714300A4500325C85 /* RootViewController.m */; };
		CB332C7B14300A4500325C85 /* RootViewController.xib in Resources */ = {isa = PBXBuildFile; fileRef = CB332C7914300A4500325C85 /* RootViewController.xib */; };
		CB332C8314300A4500325C85 /* SenTestingKit.framework in Frameworks */ = {isa = PBXBuildFile; fileRef = CB332C8214300A4500325C85 /* SenTestingKit.framework */; };
		CB332C8414300A4500325C85 /* UIKit.framework in Frameworks */ = {isa = PBXBuildFile; fileRef = CB332C6114300A4400325C85 /* UIKit.framework */; };
		CB332C8514300A4500325C85 /* Foundation.framework in Frameworks */ = {isa = PBXBuildFile; fileRef = CB332C6314300A4400325C85 /* Foundation.framework */; };
		CB332C8614300A4500325C85 /* CoreGraphics.framework in Frameworks */ = {isa = PBXBuildFile; fileRef = CB332C6514300A4400325C85 /* CoreGraphics.framework */; };
		CB332C8E14300A4500325C85 /* InfoPlist.strings in Resources */ = {isa = PBXBuildFile; fileRef = CB332C8C14300A4500325C85 /* InfoPlist.strings */; };
		CB332C9014300A4500325C85 /* VirPong_iOS_ClientTests.h in Resources */ = {isa = PBXBuildFile; fileRef = CB332C8F14300A4500325C85 /* VirPong_iOS_ClientTests.h */; };
		CB332C9214300A4500325C85 /* VirPong_iOS_ClientTests.m in Sources */ = {isa = PBXBuildFile; fileRef = CB332C9114300A4500325C85 /* VirPong_iOS_ClientTests.m */; };
		CB332C9E14300FE500325C85 /* MainWindow-iPad.xib in Resources */ = {isa = PBXBuildFile; fileRef = CB332C9C14300FE500325C85 /* MainWindow-iPad.xib */; };
/* End PBXBuildFile section */

/* Begin PBXContainerItemProxy section */
		CB332C8714300A4500325C85 /* PBXContainerItemProxy */ = {
			isa = PBXContainerItemProxy;
			containerPortal = CB332C5414300A4400325C85 /* Project object */;
			proxyType = 1;
			remoteGlobalIDString = CB332C5C14300A4400325C85;
			remoteInfo = "VirPong iOS Client";
		};
/* End PBXContainerItemProxy section */

/* Begin PBXFileReference section */
		190E2962145766DC0094D884 /* www */ = {isa = PBXFileReference; lastKnownFileType = folder; path = www; sourceTree = "<group>"; };
		CB332C5D14300A4400325C85 /* VirPong iOS Client.app */ = {isa = PBXFileReference; explicitFileType = wrapper.application; includeInIndex = 0; path = "VirPong iOS Client.app"; sourceTree = BUILT_PRODUCTS_DIR; };
		CB332C6114300A4400325C85 /* UIKit.framework */ = {isa = PBXFileReference; lastKnownFileType = wrapper.framework; name = UIKit.framework; path = System/Library/Frameworks/UIKit.framework; sourceTree = SDKROOT; };
		CB332C6314300A4400325C85 /* Foundation.framework */ = {isa = PBXFileReference; lastKnownFileType = wrapper.framework; name = Foundation.framework; path = System/Library/Frameworks/Foundation.framework; sourceTree = SDKROOT; };
		CB332C6514300A4400325C85 /* CoreGraphics.framework */ = {isa = PBXFileReference; lastKnownFileType = wrapper.framework; name = CoreGraphics.framework; path = System/Library/Frameworks/CoreGraphics.framework; sourceTree = SDKROOT; };
		CB332C6914300A4400325C85 /* VirPong iOS Client-Info.plist */ = {isa = PBXFileReference; lastKnownFileType = text.plist.xml; path = "VirPong iOS Client-Info.plist"; sourceTree = "<group>"; };
		CB332C6B14300A4400325C85 /* en */ = {isa = PBXFileReference; lastKnownFileType = text.plist.strings; name = en; path = en.lproj/InfoPlist.strings; sourceTree = "<group>"; };
		CB332C6D14300A4400325C85 /* main.m */ = {isa = PBXFileReference; lastKnownFileType = sourcecode.c.objc; path = main.m; sourceTree = "<group>"; };
		CB332C6F14300A4400325C85 /* VirPong iOS Client-Prefix.pch */ = {isa = PBXFileReference; lastKnownFileType = sourcecode.c.h; path = "VirPong iOS Client-Prefix.pch"; sourceTree = "<group>"; };
		CB332C7014300A4400325C85 /* VirPong_iOS_ClientAppDelegate.h */ = {isa = PBXFileReference; lastKnownFileType = sourcecode.c.h; path = VirPong_iOS_ClientAppDelegate.h; sourceTree = "<group>"; };
		CB332C7114300A4400325C85 /* VirPong_iOS_ClientAppDelegate.m */ = {isa = PBXFileReference; lastKnownFileType = sourcecode.c.objc; path = VirPong_iOS_ClientAppDelegate.m; sourceTree = "<group>"; };
		CB332C7414300A4500325C85 /* en */ = {isa = PBXFileReference; lastKnownFileType = file.xib; name = en; path = en.lproj/MainWindow.xib; sourceTree = "<group>"; };
		CB332C7614300A4500325C85 /* RootViewController.h */ = {isa = PBXFileReference; lastKnownFileType = sourcecode.c.h; path = RootViewController.h; sourceTree = "<group>"; };
		CB332C7714300A4500325C85 /* RootViewController.m */ = {isa = PBXFileReference; lastKnownFileType = sourcecode.c.objc; path = RootViewController.m; sourceTree = "<group>"; };
		CB332C7A14300A4500325C85 /* en */ = {isa = PBXFileReference; lastKnownFileType = file.xib; name = en; path = en.lproj/RootViewController.xib; sourceTree = "<group>"; };
		CB332C8114300A4500325C85 /* VirPong iOS ClientTests.octest */ = {isa = PBXFileReference; explicitFileType = wrapper.cfbundle; includeInIndex = 0; path = "VirPong iOS ClientTests.octest"; sourceTree = BUILT_PRODUCTS_DIR; };
		CB332C8214300A4500325C85 /* SenTestingKit.framework */ = {isa = PBXFileReference; lastKnownFileType = wrapper.framework; name = SenTestingKit.framework; path = Library/Frameworks/SenTestingKit.framework; sourceTree = DEVELOPER_DIR; };
		CB332C8B14300A4500325C85 /* VirPong iOS ClientTests-Info.plist */ = {isa = PBXFileReference; lastKnownFileType = text.plist.xml; path = "VirPong iOS ClientTests-Info.plist"; sourceTree = "<group>"; };
		CB332C8D14300A4500325C85 /* en */ = {isa = PBXFileReference; lastKnownFileType = text.plist.strings; name = en; path = en.lproj/InfoPlist.strings; sourceTree = "<group>"; };
		CB332C8F14300A4500325C85 /* VirPong_iOS_ClientTests.h */ = {isa = PBXFileReference; lastKnownFileType = sourcecode.c.h; path = VirPong_iOS_ClientTests.h; sourceTree = "<group>"; };
		CB332C9114300A4500325C85 /* VirPong_iOS_ClientTests.m */ = {isa = PBXFileReference; lastKnownFileType = sourcecode.c.objc; path = VirPong_iOS_ClientTests.m; sourceTree = "<group>"; };
		CB332C9D14300FE500325C85 /* en */ = {isa = PBXFileReference; lastKnownFileType = file.xib; name = en; path = "iPad/en.lproj/MainWindow-iPad.xib"; sourceTree = "<group>"; };
/* End PBXFileReference section */

/* Begin PBXFrameworksBuildPhase section */
		CB332C5A14300A4400325C85 /* Frameworks */ = {
			isa = PBXFrameworksBuildPhase;
			buildActionMask = 2147483647;
			files = (
				CB332C6214300A4400325C85 /* UIKit.framework in Frameworks */,
				CB332C6414300A4400325C85 /* Foundation.framework in Frameworks */,
				CB332C6614300A4400325C85 /* CoreGraphics.framework in Frameworks */,
			);
			runOnlyForDeploymentPostprocessing = 0;
		};
		CB332C7D14300A4500325C85 /* Frameworks */ = {
			isa = PBXFrameworksBuildPhase;
			buildActionMask = 2147483647;
			files = (
				CB332C8314300A4500325C85 /* SenTestingKit.framework in Frameworks */,
				CB332C8414300A4500325C85 /* UIKit.framework in Frameworks */,
				CB332C8514300A4500325C85 /* Foundation.framework in Frameworks */,
				CB332C8614300A4500325C85 /* CoreGraphics.framework in Frameworks */,
			);
			runOnlyForDeploymentPostprocessing = 0;
		};
/* End PBXFrameworksBuildPhase section */

/* Begin PBXGroup section */
		CB332C5214300A4400325C85 = {
			isa = PBXGroup;
			children = (
				190E2962145766DC0094D884 /* www */,
				CB332C6714300A4400325C85 /* VirPong iOS Client */,
				CB332C8914300A4500325C85 /* VirPong iOS ClientTests */,
				CB332C6014300A4400325C85 /* Frameworks */,
				CB332C5E14300A4400325C85 /* Products */,
			);
			sourceTree = "<group>";
		};
		CB332C5E14300A4400325C85 /* Products */ = {
			isa = PBXGroup;
			children = (
				CB332C5D14300A4400325C85 /* VirPong iOS Client.app */,
				CB332C8114300A4500325C85 /* VirPong iOS ClientTests.octest */,
			);
			name = Products;
			sourceTree = "<group>";
		};
		CB332C6014300A4400325C85 /* Frameworks */ = {
			isa = PBXGroup;
			children = (
				CB332C6114300A4400325C85 /* UIKit.framework */,
				CB332C6314300A4400325C85 /* Foundation.framework */,
				CB332C6514300A4400325C85 /* CoreGraphics.framework */,
				CB332C8214300A4500325C85 /* SenTestingKit.framework */,
			);
			name = Frameworks;
			sourceTree = "<group>";
		};
		CB332C6714300A4400325C85 /* VirPong iOS Client */ = {
			isa = PBXGroup;
			children = (
				CB332C9B14300FE200325C85 /* iPad */,
				CB332C7014300A4400325C85 /* VirPong_iOS_ClientAppDelegate.h */,
				CB332C7114300A4400325C85 /* VirPong_iOS_ClientAppDelegate.m */,
				CB332C7314300A4500325C85 /* MainWindow.xib */,
				CB332C7614300A4500325C85 /* RootViewController.h */,
				CB332C7714300A4500325C85 /* RootViewController.m */,
				CB332C7914300A4500325C85 /* RootViewController.xib */,
				CB332C6814300A4400325C85 /* Supporting Files */,
			);
			path = "VirPong iOS Client";
			sourceTree = "<group>";
		};
		CB332C6814300A4400325C85 /* Supporting Files */ = {
			isa = PBXGroup;
			children = (
				CB332C6914300A4400325C85 /* VirPong iOS Client-Info.plist */,
				CB332C6A14300A4400325C85 /* InfoPlist.strings */,
				CB332C6D14300A4400325C85 /* main.m */,
				CB332C6F14300A4400325C85 /* VirPong iOS Client-Prefix.pch */,
			);
			name = "Supporting Files";
			sourceTree = "<group>";
		};
		CB332C8914300A4500325C85 /* VirPong iOS ClientTests */ = {
			isa = PBXGroup;
			children = (
				CB332C8F14300A4500325C85 /* VirPong_iOS_ClientTests.h */,
				CB332C9114300A4500325C85 /* VirPong_iOS_ClientTests.m */,
				CB332C8A14300A4500325C85 /* Supporting Files */,
			);
			path = "VirPong iOS ClientTests";
			sourceTree = "<group>";
		};
		CB332C8A14300A4500325C85 /* Supporting Files */ = {
			isa = PBXGroup;
			children = (
				CB332C8B14300A4500325C85 /* VirPong iOS ClientTests-Info.plist */,
				CB332C8C14300A4500325C85 /* InfoPlist.strings */,
			);
			name = "Supporting Files";
			sourceTree = "<group>";
		};
		CB332C9B14300FE200325C85 /* iPad */ = {
			isa = PBXGroup;
			children = (
				CB332C9C14300FE500325C85 /* MainWindow-iPad.xib */,
			);
			name = iPad;
			sourceTree = "<group>";
		};
/* End PBXGroup section */

/* Begin PBXNativeTarget section */
		CB332C5C14300A4400325C85 /* VirPong iOS Client */ = {
			isa = PBXNativeTarget;
			buildConfigurationList = CB332C9514300A4500325C85 /* Build configuration list for PBXNativeTarget "VirPong iOS Client" */;
			buildPhases = (
				CB332C5914300A4400325C85 /* Sources */,
				CB332C5A14300A4400325C85 /* Frameworks */,
				CB332C5B14300A4400325C85 /* Resources */,
			);
			buildRules = (
			);
			dependencies = (
			);
			name = "VirPong iOS Client";
			productName = "VirPong iOS Client";
			productReference = CB332C5D14300A4400325C85 /* VirPong iOS Client.app */;
			productType = "com.apple.product-type.application";
		};
		CB332C8014300A4500325C85 /* VirPong iOS ClientTests */ = {
			isa = PBXNativeTarget;
			buildConfigurationList = CB332C9814300A4500325C85 /* Build configuration list for PBXNativeTarget "VirPong iOS ClientTests" */;
			buildPhases = (
				CB332C7C14300A4500325C85 /* Sources */,
				CB332C7D14300A4500325C85 /* Frameworks */,
				CB332C7E14300A4500325C85 /* Resources */,
				CB332C7F14300A4500325C85 /* ShellScript */,
			);
			buildRules = (
			);
			dependencies = (
				CB332C8814300A4500325C85 /* PBXTargetDependency */,
			);
			name = "VirPong iOS ClientTests";
			productName = "VirPong iOS ClientTests";
			productReference = CB332C8114300A4500325C85 /* VirPong iOS ClientTests.octest */;
			productType = "com.apple.product-type.bundle";
		};
/* End PBXNativeTarget section */

/* Begin PBXProject section */
		CB332C5414300A4400325C85 /* Project object */ = {
			isa = PBXProject;
			buildConfigurationList = CB332C5714300A4400325C85 /* Build configuration list for PBXProject "VirPong iOS Client" */;
			compatibilityVersion = "Xcode 3.2";
			developmentRegion = English;
			hasScannedForEncodings = 0;
			knownRegions = (
				en,
			);
			mainGroup = CB332C5214300A4400325C85;
			productRefGroup = CB332C5E14300A4400325C85 /* Products */;
			projectDirPath = "";
			projectRoot = "";
			targets = (
				CB332C5C14300A4400325C85 /* VirPong iOS Client */,
				CB332C8014300A4500325C85 /* VirPong iOS ClientTests */,
			);
		};
/* End PBXProject section */

/* Begin PBXResourcesBuildPhase section */
		CB332C5B14300A4400325C85 /* Resources */ = {
			isa = PBXResourcesBuildPhase;
			buildActionMask = 2147483647;
			files = (
				CB332C6C14300A4400325C85 /* InfoPlist.strings in Resources */,
				CB332C7514300A4500325C85 /* MainWindow.xib in Resources */,
				CB332C7B14300A4500325C85 /* RootViewController.xib in Resources */,
				CB332C9E14300FE500325C85 /* MainWindow-iPad.xib in Resources */,
				190E2963145766DC0094D884 /* www in Resources */,
			);
			runOnlyForDeploymentPostprocessing = 0;
		};
		CB332C7E14300A4500325C85 /* Resources */ = {
			isa = PBXResourcesBuildPhase;
			buildActionMask = 2147483647;
			files = (
				CB332C8E14300A4500325C85 /* InfoPlist.strings in Resources */,
				CB332C9014300A4500325C85 /* VirPong_iOS_ClientTests.h in Resources */,
			);
			runOnlyForDeploymentPostprocessing = 0;
		};
/* End PBXResourcesBuildPhase section */

/* Begin PBXShellScriptBuildPhase section */
		CB332C7F14300A4500325C85 /* ShellScript */ = {
			isa = PBXShellScriptBuildPhase;
			buildActionMask = 2147483647;
			files = (
			);
			inputPaths = (
			);
			outputPaths = (
			);
			runOnlyForDeploymentPostprocessing = 0;
			shellPath = /bin/sh;
			shellScript = "# Run the unit tests in this test bundle.\n\"${SYSTEM_DEVELOPER_DIR}/Tools/RunUnitTests\"\n";
		};
/* End PBXShellScriptBuildPhase section */

/* Begin PBXSourcesBuildPhase section */
		CB332C5914300A4400325C85 /* Sources */ = {
			isa = PBXSourcesBuildPhase;
			buildActionMask = 2147483647;
			files = (
				CB332C6E14300A4400325C85 /* main.m in Sources */,
				CB332C7214300A4400325C85 /* VirPong_iOS_ClientAppDelegate.m in Sources */,
				CB332C7814300A4500325C85 /* RootViewController.m in Sources */,
			);
			runOnlyForDeploymentPostprocessing = 0;
		};
		CB332C7C14300A4500325C85 /* Sources */ = {
			isa = PBXSourcesBuildPhase;
			buildActionMask = 2147483647;
			files = (
				CB332C9214300A4500325C85 /* VirPong_iOS_ClientTests.m in Sources */,
			);
			runOnlyForDeploymentPostprocessing = 0;
		};
/* End PBXSourcesBuildPhase section */

/* Begin PBXTargetDependency section */
		CB332C8814300A4500325C85 /* PBXTargetDependency */ = {
			isa = PBXTargetDependency;
			target = CB332C5C14300A4400325C85 /* VirPong iOS Client */;
			targetProxy = CB332C8714300A4500325C85 /* PBXContainerItemProxy */;
		};
/* End PBXTargetDependency section */

/* Begin PBXVariantGroup section */
		CB332C6A14300A4400325C85 /* InfoPlist.strings */ = {
			isa = PBXVariantGroup;
			children = (
				CB332C6B14300A4400325C85 /* en */,
			);
			name = InfoPlist.strings;
			sourceTree = "<group>";
		};
		CB332C7314300A4500325C85 /* MainWindow.xib */ = {
			isa = PBXVariantGroup;
			children = (
				CB332C7414300A4500325C85 /* en */,
			);
			name = MainWindow.xib;
			sourceTree = "<group>";
		};
		CB332C7914300A4500325C85 /* RootViewController.xib */ = {
			isa = PBXVariantGroup;
			children = (
				CB332C7A14300A4500325C85 /* en */,
			);
			name = RootViewController.xib;
			sourceTree = "<group>";
		};
		CB332C8C14300A4500325C85 /* InfoPlist.strings */ = {
			isa = PBXVariantGroup;
			children = (
				CB332C8D14300A4500325C85 /* en */,
			);
			name = InfoPlist.strings;
			sourceTree = "<group>";
		};
		CB332C9C14300FE500325C85 /* MainWindow-iPad.xib */ = {
			isa = PBXVariantGroup;
			children = (
				CB332C9D14300FE500325C85 /* en */,
			);
			name = "MainWindow-iPad.xib";
			sourceTree = "<group>";
		};
/* End PBXVariantGroup section */

/* Begin XCBuildConfiguration section */
		CB332C9314300A4500325C85 /* Debug */ = {
			isa = XCBuildConfiguration;
			buildSettings = {
				ALWAYS_SEARCH_USER_PATHS = NO;
				ARCHS = "$(ARCHS_STANDARD_32_BIT)";
				"CODE_SIGN_IDENTITY[sdk=iphoneos*]" = "iPhone Developer";
				COPY_PHASE_STRIP = NO;
				GCC_C_LANGUAGE_STANDARD = gnu99;
				GCC_DYNAMIC_NO_PIC = NO;
				GCC_OPTIMIZATION_LEVEL = 0;
				GCC_PREPROCESSOR_DEFINITIONS = (
					"DEBUG=1",
					"$(inherited)",
				);
				GCC_SYMBOLS_PRIVATE_EXTERN = NO;
				GCC_VERSION = com.apple.compilers.llvmgcc42;
				GCC_WARN_ABOUT_MISSING_PROTOTYPES = YES;
				GCC_WARN_ABOUT_RETURN_TYPE = YES;
				GCC_WARN_UNUSED_VARIABLE = YES;
				IPHONEOS_DEPLOYMENT_TARGET = 4.3;
				SDKROOT = iphoneos;
			};
			name = Debug;
		};
		CB332C9414300A4500325C85 /* Release */ = {
			isa = XCBuildConfiguration;
			buildSettings = {
				ALWAYS_SEARCH_USER_PATHS = NO;
				ARCHS = "$(ARCHS_STANDARD_32_BIT)";
				"CODE_SIGN_IDENTITY[sdk=iphoneos*]" = "iPhone Developer";
				COPY_PHASE_STRIP = YES;
				GCC_C_LANGUAGE_STANDARD = gnu99;
				GCC_VERSION = com.apple.compilers.llvmgcc42;
				GCC_WARN_ABOUT_MISSING_PROTOTYPES = YES;
				GCC_WARN_ABOUT_RETURN_TYPE = YES;
				GCC_WARN_UNUSED_VARIABLE = YES;
				IPHONEOS_DEPLOYMENT_TARGET = 4.3;
				OTHER_CFLAGS = "-DNS_BLOCK_ASSERTIONS=1";
				SDKROOT = iphoneos;
				VALIDATE_PRODUCT = YES;
			};
			name = Release;
		};
		CB332C9614300A4500325C85 /* Debug */ = {
			isa = XCBuildConfiguration;
			buildSettings = {
				GCC_PRECOMPILE_PREFIX_HEADER = YES;
				GCC_PREFIX_HEADER = "VirPong iOS Client/VirPong iOS Client-Prefix.pch";
				INFOPLIST_FILE = "VirPong iOS Client/VirPong iOS Client-Info.plist";
				IPHONEOS_DEPLOYMENT_TARGET = 4.3;
				PRODUCT_NAME = "$(TARGET_NAME)";
				TARGETED_DEVICE_FAMILY = "1,2";
				WRAPPER_EXTENSION = app;
			};
			name = Debug;
		};
		CB332C9714300A4500325C85 /* Release */ = {
			isa = XCBuildConfiguration;
			buildSettings = {
				GCC_PRECOMPILE_PREFIX_HEADER = YES;
				GCC_PREFIX_HEADER = "VirPong iOS Client/VirPong iOS Client-Prefix.pch";
				INFOPLIST_FILE = "VirPong iOS Client/VirPong iOS Client-Info.plist";
				IPHONEOS_DEPLOYMENT_TARGET = 4.3;
				PRODUCT_NAME = "$(TARGET_NAME)";
				TARGETED_DEVICE_FAMILY = "1,2";
				WRAPPER_EXTENSION = app;
			};
			name = Release;
		};
		CB332C9914300A4500325C85 /* Debug */ = {
			isa = XCBuildConfiguration;
			buildSettings = {
				BUNDLE_LOADER = "$(BUILT_PRODUCTS_DIR)/VirPong iOS Client.app/VirPong iOS Client";
				FRAMEWORK_SEARCH_PATHS = (
					"$(SDKROOT)/Developer/Library/Frameworks",
					"$(DEVELOPER_LIBRARY_DIR)/Frameworks",
				);
				GCC_PRECOMPILE_PREFIX_HEADER = YES;
				GCC_PREFIX_HEADER = "VirPong iOS Client/VirPong iOS Client-Prefix.pch";
				INFOPLIST_FILE = "VirPong iOS ClientTests/VirPong iOS ClientTests-Info.plist";
				PRODUCT_NAME = "$(TARGET_NAME)";
				TEST_HOST = "$(BUNDLE_LOADER)";
				WRAPPER_EXTENSION = octest;
			};
			name = Debug;
		};
		CB332C9A14300A4500325C85 /* Release */ = {
			isa = XCBuildConfiguration;
			buildSettings = {
				BUNDLE_LOADER = "$(BUILT_PRODUCTS_DIR)/VirPong iOS Client.app/VirPong iOS Client";
				FRAMEWORK_SEARCH_PATHS = (
					"$(SDKROOT)/Developer/Library/Frameworks",
					"$(DEVELOPER_LIBRARY_DIR)/Frameworks",
				);
				GCC_PRECOMPILE_PREFIX_HEADER = YES;
				GCC_PREFIX_HEADER = "VirPong iOS Client/VirPong iOS Client-Prefix.pch";
				INFOPLIST_FILE = "VirPong iOS ClientTests/VirPong iOS ClientTests-Info.plist";
				PRODUCT_NAME = "$(TARGET_NAME)";
				TEST_HOST = "$(BUNDLE_LOADER)";
				WRAPPER_EXTENSION = octest;
			};
			name = Release;
		};
/* End XCBuildConfiguration section */

/* Begin XCConfigurationList section */
		CB332C5714300A4400325C85 /* Build configuration list for PBXProject "VirPong iOS Client" */ = {
			isa = XCConfigurationList;
			buildConfigurations = (
				CB332C9314300A4500325C85 /* Debug */,
				CB332C9414300A4500325C85 /* Release */,
			);
			defaultConfigurationIsVisible = 0;
			defaultConfigurationName = Release;
		};
		CB332C9514300A4500325C85 /* Build configuration list for PBXNativeTarget "VirPong iOS Client" */ = {
			isa = XCConfigurationList;
			buildConfigurations = (
				CB332C9614300A4500325C85 /* Debug */,
				CB332C9714300A4500325C85 /* Release */,
			);
			defaultConfigurationIsVisible = 0;
			defaultConfigurationName = Release;
		};
		CB332C9814300A4500325C85 /* Build configuration list for PBXNativeTarget "VirPong iOS ClientTests" */ = {
			isa = XCConfigurationList;
			buildConfigurations = (
				CB332C9914300A4500325C85 /* Debug */,
				CB332C9A14300A4500325C85 /* Release */,
			);
			defaultConfigurationIsVisible = 0;
			defaultConfigurationName = Release;
		};
/* End XCConfigurationList section */
	};
	rootObject = CB332C5414300A4400325C85 /* Project object */;
}
